
Microsoft Visual Studio Solution File, Format Version 12.00
# Visual Studio 14
VisualStudioVersion = 14.0.25420.1
MinimumVisualStudioVersion = 10.0.40219.1
Project("{8BC9CEB8-8B4A-11D0-8D11-00A0C91BC942}") = "MinimumHeightTriangle", "MinimumHeightTriangle\MinimumHeightTriangle.vcxproj", "{D0F7E467-5950-4AB1-92C1-AC60DB261AA6}"
EndProject
Project("{8BC9CEB8-8B4A-11D0-8D11-00A0C91BC942}") = "SummnigNSeries", "SummnigNSeries\SummnigNSeries.vcxproj", "{63B67C7C-EBB5-4B6F-AB05-183970826A35}"
EndProject
Global
	GlobalSection(SolutionConfigurationPlatforms) = preSolution
		Debug|Win32 = Debug|Win32
		Debug|x64 = Debug|x64
		Release|Win32 = Release|Win32
		Release|x64 = Release|x64
	EndGlobalSection
	GlobalSection(ProjectConfigurationPlatforms) = postSolution
		{D0F7E467-5950-4AB1-92C1-AC60DB261AA6}.Debug|Win32.ActiveCfg = Debug|Win32
		{D0F7E467-5950-4AB1-92C1-AC60DB261AA6}.Debug|Win32.Build.0 = Debug|Win32
		{D0F7E467-5950-4AB1-92C1-AC60DB261AA6}.Debug|x64.ActiveCfg = Debug|Win32
		{D0F7E467-5950-4AB1-92C1-AC60DB261AA6}.Release|Win32.ActiveCfg = Release|Win32
		{D0F7E467-5950-4AB1-92C1-AC60DB261AA6}.Release|Win32.Build.0 = Release|Win32
		{D0F7E467-5950-4AB1-92C1-AC60DB261AA6}.Release|x64.ActiveCfg = Release|Win32
		{63B67C7C-EBB5-4B6F-AB05-183970826A35}.Debug|Win32.ActiveCfg = Debug|Win32
		{63B67C7C-EBB5-4B6F-AB05-183970826A35}.Debug|Win32.Build.0 = Debug|Win32
		{63B67C7C-EBB5-4B6F-AB05-183970826A35}.Debug|x64.ActiveCfg = Debug|x64
		{63B67C7C-EBB5-4B6F-AB05-183970826A35}.Debug|x64.Build.0 = Debug|x64
		{63B67C7C-EBB5-4B6F-AB05-183970826A35}.Release|Win32.ActiveCfg = Release|Win32
		{63B67C7C-EBB5-4B6F-AB05-183970826A35}.Release|Win32.Build.0 = Release|Win32
		{63B67C7C-EBB5-4B6F-AB05-183970826A35}.Release|x64.ActiveCfg = Release|x64
		{63B67C7C-EBB5-4B6F-AB05-183970826A35}.Release|x64.Build.0 = Release|x64
	EndGlobalSection
	GlobalSection(SolutionProperties) = preSolution
		HideSolutionNode = FALSE
	EndGlobalSection
EndGlobal
